
Microsoft Visual Studio Solution File, Format Version 12.00
# Visual Studio Version 17
VisualStudioVersion = 17.13.35919.96
MinimumVisualStudioVersion = 10.0.40219.1
Project("{FAE04EC0-301F-11D3-BF4B-00C04F79EFBC}") = "LojaVirtual.Web", "src\LojaVirtual.UI\LojaVirtual.Web.csproj", "{016581F7-9B26-43CF-86A3-C77672E1C54D}"
EndProject
Project("{FAE04EC0-301F-11D3-BF4B-00C04F79EFBC}") = "LojaVirtual.Data", "src\LojaVirtual.Data\LojaVirtual.Data.csproj", "{AEAB80DB-9A44-4023-A195-BE5774A0B408}"
EndProject
Project("{FAE04EC0-301F-11D3-BF4B-00C04F79EFBC}") = "LojaVirtual.API", "src\LojaVirtual.API\LojaVirtual.API.csproj", "{70EF4659-B492-4F62-B686-BEAF6A4EA832}"
EndProject
Global
	GlobalSection(SolutionConfigurationPlatforms) = preSolution
		Debug|Any CPU = Debug|Any CPU
		Release|Any CPU = Release|Any CPU
	EndGlobalSection
	GlobalSection(ProjectConfigurationPlatforms) = postSolution
		{016581F7-9B26-43CF-86A3-C77672E1C54D}.Debug|Any CPU.ActiveCfg = Debug|Any CPU
		{016581F7-9B26-43CF-86A3-C77672E1C54D}.Debug|Any CPU.Build.0 = Debug|Any CPU
		{016581F7-9B26-43CF-86A3-C77672E1C54D}.Release|Any CPU.ActiveCfg = Release|Any CPU
		{016581F7-9B26-43CF-86A3-C77672E1C54D}.Release|Any CPU.Build.0 = Release|Any CPU
		{AEAB80DB-9A44-4023-A195-BE5774A0B408}.Debug|Any CPU.ActiveCfg = Debug|Any CPU
		{AEAB80DB-9A44-4023-A195-BE5774A0B408}.Debug|Any CPU.Build.0 = Debug|Any CPU
		{AEAB80DB-9A44-4023-A195-BE5774A0B408}.Release|Any CPU.ActiveCfg = Release|Any CPU
		{AEAB80DB-9A44-4023-A195-BE5774A0B408}.Release|Any CPU.Build.0 = Release|Any CPU
		{70EF4659-B492-4F62-B686-BEAF6A4EA832}.Debug|Any CPU.ActiveCfg = Debug|Any CPU
		{70EF4659-B492-4F62-B686-BEAF6A4EA832}.Debug|Any CPU.Build.0 = Debug|Any CPU
		{70EF4659-B492-4F62-B686-BEAF6A4EA832}.Release|Any CPU.ActiveCfg = Release|Any CPU
		{70EF4659-B492-4F62-B686-BEAF6A4EA832}.Release|Any CPU.Build.0 = Release|Any CPU
	EndGlobalSection
	GlobalSection(SolutionProperties) = preSolution
		HideSolutionNode = FALSE
	EndGlobalSection
	GlobalSection(ExtensibilityGlobals) = postSolution
		SolutionGuid = {C50DD5B5-FEDA-473B-9656-B44D813F6C11}
	EndGlobalSection
EndGlobal
